
Microsoft Visual Studio Solution File, Format Version 12.00
# Visual Studio Version 16
VisualStudioVersion = 16.0.29613.14
MinimumVisualStudioVersion = 10.0.40219.1
Project("{2150E333-8FDC-42A3-9474-1A3956D46DE8}") = "src", "src", "{47D1C0E7-67C5-4580-8105-B1A91D91B660}"
EndProject
Project("{2150E333-8FDC-42A3-9474-1A3956D46DE8}") = "Application", "Application", "{3E39B38C-CC14-48E5-909F-07D59577C634}"
EndProject
Project("{2150E333-8FDC-42A3-9474-1A3956D46DE8}") = "Domain", "Domain", "{0606F506-C263-4AD2-B39E-B643CD5B324D}"
EndProject
Project("{2150E333-8FDC-42A3-9474-1A3956D46DE8}") = "Infra", "Infra", "{38140076-E7DD-462E-B534-B484BBCBBBF0}"
EndProject
Project("{2150E333-8FDC-42A3-9474-1A3956D46DE8}") = "Services", "Services", "{8551E891-4BC2-48FE-923D-00381A5F260E}"
EndProject
Project("{9A19103F-16F7-4668-BE54-9A1E7A4F7556}") = "AccountService.Application", "src\AccountService.Application\AccountService.Application.csproj", "{28E5E27D-495E-4FB1-8C8C-113CDDBDBBF6}"
EndProject
Project("{9A19103F-16F7-4668-BE54-9A1E7A4F7556}") = "AccountService.Infra.Data", "src\AccountService.Infra.Data\AccountService.Infra.Data.csproj", "{E4F6E68D-20FB-47B1-BBC0-7439CA5B9247}"
EndProject
Project("{9A19103F-16F7-4668-BE54-9A1E7A4F7556}") = "AccountService.Infra.IoC", "src\AccountService.Infra.IoC\AccountService.Infra.IoC.csproj", "{0D7096C7-FD67-4C78-842D-FEDFDEEE97CB}"
EndProject
Project("{2150E333-8FDC-42A3-9474-1A3956D46DE8}") = "test", "test", "{0FAF2A2B-E415-48B5-B69D-F781981E1B96}"
EndProject
Project("{2150E333-8FDC-42A3-9474-1A3956D46DE8}") = "Application", "Application", "{EFA95100-DC33-4682-AE76-80286E1584EF}"
EndProject
Project("{2150E333-8FDC-42A3-9474-1A3956D46DE8}") = "Domain", "Domain", "{DD740779-3631-4D8A-B2EE-AB4D3A8B31EC}"
EndProject
Project("{2150E333-8FDC-42A3-9474-1A3956D46DE8}") = "Service", "Service", "{0E3A5638-1D06-4021-ADF6-71EFD39D08F5}"
EndProject
Project("{9A19103F-16F7-4668-BE54-9A1E7A4F7556}") = "AccountService.Domain.Tests", "test\AccountService.Domain.Tests\AccountService.Domain.Tests.csproj", "{AEA2ED4A-C3D4-4356-ACF3-17C34E1DA5ED}"
EndProject
Project("{9A19103F-16F7-4668-BE54-9A1E7A4F7556}") = "AccountService.Services.Api", "src\AccountService.Services.Api\AccountService.Services.Api.csproj", "{7355630B-659A-41C3-A5F4-77FA39BAA8E4}"
EndProject
Project("{9A19103F-16F7-4668-BE54-9A1E7A4F7556}") = "AccountService.Domain", "src\AccountService.Domain\AccountService.Domain.csproj", "{C370FE14-8C56-4529-9EDA-DD2E9BAFC5DC}"
EndProject
Global
	GlobalSection(SolutionConfigurationPlatforms) = preSolution
		Debug|Any CPU = Debug|Any CPU
		Release|Any CPU = Release|Any CPU
	EndGlobalSection
	GlobalSection(ProjectConfigurationPlatforms) = postSolution
		{28E5E27D-495E-4FB1-8C8C-113CDDBDBBF6}.Debug|Any CPU.ActiveCfg = Debug|Any CPU
		{28E5E27D-495E-4FB1-8C8C-113CDDBDBBF6}.Debug|Any CPU.Build.0 = Debug|Any CPU
		{28E5E27D-495E-4FB1-8C8C-113CDDBDBBF6}.Release|Any CPU.ActiveCfg = Release|Any CPU
		{28E5E27D-495E-4FB1-8C8C-113CDDBDBBF6}.Release|Any CPU.Build.0 = Release|Any CPU
		{E4F6E68D-20FB-47B1-BBC0-7439CA5B9247}.Debug|Any CPU.ActiveCfg = Debug|Any CPU
		{E4F6E68D-20FB-47B1-BBC0-7439CA5B9247}.Debug|Any CPU.Build.0 = Debug|Any CPU
		{E4F6E68D-20FB-47B1-BBC0-7439CA5B9247}.Release|Any CPU.ActiveCfg = Release|Any CPU
		{E4F6E68D-20FB-47B1-BBC0-7439CA5B9247}.Release|Any CPU.Build.0 = Release|Any CPU
		{0D7096C7-FD67-4C78-842D-FEDFDEEE97CB}.Debug|Any CPU.ActiveCfg = Debug|Any CPU
		{0D7096C7-FD67-4C78-842D-FEDFDEEE97CB}.Debug|Any CPU.Build.0 = Debug|Any CPU
		{0D7096C7-FD67-4C78-842D-FEDFDEEE97CB}.Release|Any CPU.ActiveCfg = Release|Any CPU
		{0D7096C7-FD67-4C78-842D-FEDFDEEE97CB}.Release|Any CPU.Build.0 = Release|Any CPU
		{AEA2ED4A-C3D4-4356-ACF3-17C34E1DA5ED}.Debug|Any CPU.ActiveCfg = Debug|Any CPU
		{AEA2ED4A-C3D4-4356-ACF3-17C34E1DA5ED}.Debug|Any CPU.Build.0 = Debug|Any CPU
		{AEA2ED4A-C3D4-4356-ACF3-17C34E1DA5ED}.Release|Any CPU.ActiveCfg = Release|Any CPU
		{AEA2ED4A-C3D4-4356-ACF3-17C34E1DA5ED}.Release|Any CPU.Build.0 = Release|Any CPU
		{7355630B-659A-41C3-A5F4-77FA39BAA8E4}.Debug|Any CPU.ActiveCfg = Debug|Any CPU
		{7355630B-659A-41C3-A5F4-77FA39BAA8E4}.Debug|Any CPU.Build.0 = Debug|Any CPU
		{7355630B-659A-41C3-A5F4-77FA39BAA8E4}.Release|Any CPU.ActiveCfg = Release|Any CPU
		{7355630B-659A-41C3-A5F4-77FA39BAA8E4}.Release|Any CPU.Build.0 = Release|Any CPU
		{C370FE14-8C56-4529-9EDA-DD2E9BAFC5DC}.Debug|Any CPU.ActiveCfg = Debug|Any CPU
		{C370FE14-8C56-4529-9EDA-DD2E9BAFC5DC}.Debug|Any CPU.Build.0 = Debug|Any CPU
		{C370FE14-8C56-4529-9EDA-DD2E9BAFC5DC}.Release|Any CPU.ActiveCfg = Release|Any CPU
		{C370FE14-8C56-4529-9EDA-DD2E9BAFC5DC}.Release|Any CPU.Build.0 = Release|Any CPU
	EndGlobalSection
	GlobalSection(SolutionProperties) = preSolution
		HideSolutionNode = FALSE
	EndGlobalSection
	GlobalSection(NestedProjects) = preSolution
		{3E39B38C-CC14-48E5-909F-07D59577C634} = {47D1C0E7-67C5-4580-8105-B1A91D91B660}
		{0606F506-C263-4AD2-B39E-B643CD5B324D} = {47D1C0E7-67C5-4580-8105-B1A91D91B660}
		{38140076-E7DD-462E-B534-B484BBCBBBF0} = {47D1C0E7-67C5-4580-8105-B1A91D91B660}
		{8551E891-4BC2-48FE-923D-00381A5F260E} = {47D1C0E7-67C5-4580-8105-B1A91D91B660}
		{28E5E27D-495E-4FB1-8C8C-113CDDBDBBF6} = {3E39B38C-CC14-48E5-909F-07D59577C634}
		{E4F6E68D-20FB-47B1-BBC0-7439CA5B9247} = {38140076-E7DD-462E-B534-B484BBCBBBF0}
		{0D7096C7-FD67-4C78-842D-FEDFDEEE97CB} = {38140076-E7DD-462E-B534-B484BBCBBBF0}
		{EFA95100-DC33-4682-AE76-80286E1584EF} = {0FAF2A2B-E415-48B5-B69D-F781981E1B96}
		{DD740779-3631-4D8A-B2EE-AB4D3A8B31EC} = {0FAF2A2B-E415-48B5-B69D-F781981E1B96}
		{0E3A5638-1D06-4021-ADF6-71EFD39D08F5} = {0FAF2A2B-E415-48B5-B69D-F781981E1B96}
		{AEA2ED4A-C3D4-4356-ACF3-17C34E1DA5ED} = {DD740779-3631-4D8A-B2EE-AB4D3A8B31EC}
		{7355630B-659A-41C3-A5F4-77FA39BAA8E4} = {8551E891-4BC2-48FE-923D-00381A5F260E}
		{C370FE14-8C56-4529-9EDA-DD2E9BAFC5DC} = {0606F506-C263-4AD2-B39E-B643CD5B324D}
	EndGlobalSection
	GlobalSection(ExtensibilityGlobals) = postSolution
		SolutionGuid = {96165C9A-73CA-4ED9-92B8-DD1378C37C1D}
	EndGlobalSection
EndGlobal
